
Microsoft Visual Studio Solution File, Format Version 12.00
# Visual Studio Version 17
VisualStudioVersion = 17.9.34723.18
MinimumVisualStudioVersion = 10.0.40219.1
Project("{9A19103F-16F7-4668-BE54-9A1E7A4F7556}") = "JsonConverterApp", "JsonConverterApp.csproj", "{52A0A449-B5D0-4394-85CC-EBD6F83449E2}"
EndProject
Project("{FAE04EC0-301F-11D3-BF4B-00C04F79EFBC}") = "JsonConverterApp.Test", "..\JsonConverterApp.Test\JsonConverterApp.Test.csproj", "{67AE81A4-7681-43E7-8ABC-959B6F278FF2}"
EndProject
Global
	GlobalSection(SolutionConfigurationPlatforms) = preSolution
		Debug|Any CPU = Debug|Any CPU
		Release|Any CPU = Release|Any CPU
	EndGlobalSection
	GlobalSection(ProjectConfigurationPlatforms) = postSolution
		{52A0A449-B5D0-4394-85CC-EBD6F83449E2}.Debug|Any CPU.ActiveCfg = Debug|Any CPU
		{52A0A449-B5D0-4394-85CC-EBD6F83449E2}.Debug|Any CPU.Build.0 = Debug|Any CPU
		{52A0A449-B5D0-4394-85CC-EBD6F83449E2}.Release|Any CPU.ActiveCfg = Release|Any CPU
		{52A0A449-B5D0-4394-85CC-EBD6F83449E2}.Release|Any CPU.Build.0 = Release|Any CPU
		{67AE81A4-7681-43E7-8ABC-959B6F278FF2}.Debug|Any CPU.ActiveCfg = Debug|Any CPU
		{67AE81A4-7681-43E7-8ABC-959B6F278FF2}.Debug|Any CPU.Build.0 = Debug|Any CPU
		{67AE81A4-7681-43E7-8ABC-959B6F278FF2}.Release|Any CPU.ActiveCfg = Release|Any CPU
		{67AE81A4-7681-43E7-8ABC-959B6F278FF2}.Release|Any CPU.Build.0 = Release|Any CPU
	EndGlobalSection
	GlobalSection(SolutionProperties) = preSolution
		HideSolutionNode = FALSE
	EndGlobalSection
	GlobalSection(ExtensibilityGlobals) = postSolution
		SolutionGuid = {70F737B9-4886-4720-BF89-FA0E6A0DE57D}
	EndGlobalSection
EndGlobal
